
Microsoft Visual Studio Solution File, Format Version 12.00
# Visual Studio 15
VisualStudioVersion = 15.0.28307.757
MinimumVisualStudioVersion = 10.0.40219.1
Project("{FAE04EC0-301F-11D3-BF4B-00C04F79EFBC}") = "estet.Android", "estet\estet.Android\estet.Android.csproj", "{7AA20AC2-8727-4ED1-AB80-7DAC00E7EBA3}"
EndProject
Project("{FAE04EC0-301F-11D3-BF4B-00C04F79EFBC}") = "estet.iOS", "estet\estet.iOS\estet.iOS.csproj", "{C5A73D5D-6031-4B76-A436-1A8F5769C3A6}"
EndProject
Project("{FAE04EC0-301F-11D3-BF4B-00C04F79EFBC}") = "estet", "estet\estet\estet.csproj", "{A3E07DEC-DFEB-496F-95A9-5B2370AF62C3}"
EndProject
Global
	GlobalSection(SolutionConfigurationPlatforms) = preSolution
		Ad-Hoc|Any CPU = Ad-Hoc|Any CPU
		Ad-Hoc|iPhone = Ad-Hoc|iPhone
		Ad-Hoc|iPhoneSimulator = Ad-Hoc|iPhoneSimulator
		AppStore|Any CPU = AppStore|Any CPU
		AppStore|iPhone = AppStore|iPhone
		AppStore|iPhoneSimulator = AppStore|iPhoneSimulator
		Debug|Any CPU = Debug|Any CPU
		Debug|iPhone = Debug|iPhone
		Debug|iPhoneSimulator = Debug|iPhoneSimulator
		Release|Any CPU = Release|Any CPU
		Release|iPhone = Release|iPhone
		Release|iPhoneSimulator = Release|iPhoneSimulator
	EndGlobalSection
	GlobalSection(ProjectConfigurationPlatforms) = postSolution
		{7AA20AC2-8727-4ED1-AB80-7DAC00E7EBA3}.Ad-Hoc|Any CPU.ActiveCfg = Release|Any CPU
		{7AA20AC2-8727-4ED1-AB80-7DAC00E7EBA3}.Ad-Hoc|Any CPU.Build.0 = Release|Any CPU
		{7AA20AC2-8727-4ED1-AB80-7DAC00E7EBA3}.Ad-Hoc|Any CPU.Deploy.0 = Release|Any CPU
		{7AA20AC2-8727-4ED1-AB80-7DAC00E7EBA3}.Ad-Hoc|iPhone.ActiveCfg = Release|Any CPU
		{7AA20AC2-8727-4ED1-AB80-7DAC00E7EBA3}.Ad-Hoc|iPhone.Build.0 = Release|Any CPU
		{7AA20AC2-8727-4ED1-AB80-7DAC00E7EBA3}.Ad-Hoc|iPhone.Deploy.0 = Release|Any CPU
		{7AA20AC2-8727-4ED1-AB80-7DAC00E7EBA3}.Ad-Hoc|iPhoneSimulator.ActiveCfg = Release|Any CPU
		{7AA20AC2-8727-4ED1-AB80-7DAC00E7EBA3}.Ad-Hoc|iPhoneSimulator.Build.0 = Release|Any CPU
		{7AA20AC2-8727-4ED1-AB80-7DAC00E7EBA3}.Ad-Hoc|iPhoneSimulator.Deploy.0 = Release|Any CPU
		{7AA20AC2-8727-4ED1-AB80-7DAC00E7EBA3}.AppStore|Any CPU.ActiveCfg = Release|Any CPU
		{7AA20AC2-8727-4ED1-AB80-7DAC00E7EBA3}.AppStore|Any CPU.Build.0 = Release|Any CPU
		{7AA20AC2-8727-4ED1-AB80-7DAC00E7EBA3}.AppStore|Any CPU.Deploy.0 = Release|Any CPU
		{7AA20AC2-8727-4ED1-AB80-7DAC00E7EBA3}.AppStore|iPhone.ActiveCfg = Release|Any CPU
		{7AA20AC2-8727-4ED1-AB80-7DAC00E7EBA3}.AppStore|iPhone.Build.0 = Release|Any CPU
		{7AA20AC2-8727-4ED1-AB80-7DAC00E7EBA3}.AppStore|iPhone.Deploy.0 = Release|Any CPU
		{7AA20AC2-8727-4ED1-AB80-7DAC00E7EBA3}.AppStore|iPhoneSimulator.ActiveCfg = Release|Any CPU
		{7AA20AC2-8727-4ED1-AB80-7DAC00E7EBA3}.AppStore|iPhoneSimulator.Build.0 = Release|Any CPU
		{7AA20AC2-8727-4ED1-AB80-7DAC00E7EBA3}.AppStore|iPhoneSimulator.Deploy.0 = Release|Any CPU
		{7AA20AC2-8727-4ED1-AB80-7DAC00E7EBA3}.Debug|Any CPU.ActiveCfg = Debug|Any CPU
		{7AA20AC2-8727-4ED1-AB80-7DAC00E7EBA3}.Debug|Any CPU.Build.0 = Debug|Any CPU
		{7AA20AC2-8727-4ED1-AB80-7DAC00E7EBA3}.Debug|Any CPU.Deploy.0 = Debug|Any CPU
		{7AA20AC2-8727-4ED1-AB80-7DAC00E7EBA3}.Debug|iPhone.ActiveCfg = Debug|Any CPU
		{7AA20AC2-8727-4ED1-AB80-7DAC00E7EBA3}.Debug|iPhone.Build.0 = Debug|Any CPU
		{7AA20AC2-8727-4ED1-AB80-7DAC00E7EBA3}.Debug|iPhone.Deploy.0 = Debug|Any CPU
		{7AA20AC2-8727-4ED1-AB80-7DAC00E7EBA3}.Debug|iPhoneSimulator.ActiveCfg = Debug|Any CPU
		{7AA20AC2-8727-4ED1-AB80-7DAC00E7EBA3}.Debug|iPhoneSimulator.Build.0 = Debug|Any CPU
		{7AA20AC2-8727-4ED1-AB80-7DAC00E7EBA3}.Debug|iPhoneSimulator.Deploy.0 = Debug|Any CPU
		{7AA20AC2-8727-4ED1-AB80-7DAC00E7EBA3}.Release|Any CPU.ActiveCfg = Release|Any CPU
		{7AA20AC2-8727-4ED1-AB80-7DAC00E7EBA3}.Release|Any CPU.Build.0 = Release|Any CPU
		{7AA20AC2-8727-4ED1-AB80-7DAC00E7EBA3}.Release|Any CPU.Deploy.0 = Release|Any CPU
		{7AA20AC2-8727-4ED1-AB80-7DAC00E7EBA3}.Release|iPhone.ActiveCfg = Release|Any CPU
		{7AA20AC2-8727-4ED1-AB80-7DAC00E7EBA3}.Release|iPhone.Build.0 = Release|Any CPU
		{7AA20AC2-8727-4ED1-AB80-7DAC00E7EBA3}.Release|iPhone.Deploy.0 = Release|Any CPU
		{7AA20AC2-8727-4ED1-AB80-7DAC00E7EBA3}.Release|iPhoneSimulator.ActiveCfg = Release|Any CPU
		{7AA20AC2-8727-4ED1-AB80-7DAC00E7EBA3}.Release|iPhoneSimulator.Build.0 = Release|Any CPU
		{7AA20AC2-8727-4ED1-AB80-7DAC00E7EBA3}.Release|iPhoneSimulator.Deploy.0 = Release|Any CPU
		{C5A73D5D-6031-4B76-A436-1A8F5769C3A6}.Ad-Hoc|Any CPU.ActiveCfg = Ad-Hoc|iPhone
		{C5A73D5D-6031-4B76-A436-1A8F5769C3A6}.Ad-Hoc|Any CPU.Build.0 = Ad-Hoc|iPhone
		{C5A73D5D-6031-4B76-A436-1A8F5769C3A6}.Ad-Hoc|Any CPU.Deploy.0 = Ad-Hoc|iPhone
		{C5A73D5D-6031-4B76-A436-1A8F5769C3A6}.Ad-Hoc|iPhone.ActiveCfg = Ad-Hoc|iPhone
		{C5A73D5D-6031-4B76-A436-1A8F5769C3A6}.Ad-Hoc|iPhone.Build.0 = Ad-Hoc|iPhone
		{C5A73D5D-6031-4B76-A436-1A8F5769C3A6}.Ad-Hoc|iPhone.Deploy.0 = Ad-Hoc|iPhone
		{C5A73D5D-6031-4B76-A436-1A8F5769C3A6}.Ad-Hoc|iPhoneSimulator.ActiveCfg = Ad-Hoc|iPhoneSimulator
		{C5A73D5D-6031-4B76-A436-1A8F5769C3A6}.Ad-Hoc|iPhoneSimulator.Build.0 = Ad-Hoc|iPhoneSimulator
		{C5A73D5D-6031-4B76-A436-1A8F5769C3A6}.Ad-Hoc|iPhoneSimulator.Deploy.0 = Ad-Hoc|iPhoneSimulator
		{C5A73D5D-6031-4B76-A436-1A8F5769C3A6}.AppStore|Any CPU.ActiveCfg = AppStore|iPhone
		{C5A73D5D-6031-4B76-A436-1A8F5769C3A6}.AppStore|Any CPU.Build.0 = AppStore|iPhone
		{C5A73D5D-6031-4B76-A436-1A8F5769C3A6}.AppStore|Any CPU.Deploy.0 = AppStore|iPhone
		{C5A73D5D-6031-4B76-A436-1A8F5769C3A6}.AppStore|iPhone.ActiveCfg = AppStore|iPhone
		{C5A73D5D-6031-4B76-A436-1A8F5769C3A6}.AppStore|iPhone.Build.0 = AppStore|iPhone
		{C5A73D5D-6031-4B76-A436-1A8F5769C3A6}.AppStore|iPhone.Deploy.0 = AppStore|iPhone
		{C5A73D5D-6031-4B76-A436-1A8F5769C3A6}.AppStore|iPhoneSimulator.ActiveCfg = AppStore|iPhoneSimulator
		{C5A73D5D-6031-4B76-A436-1A8F5769C3A6}.AppStore|iPhoneSimulator.Build.0 = AppStore|iPhoneSimulator
		{C5A73D5D-6031-4B76-A436-1A8F5769C3A6}.AppStore|iPhoneSimulator.Deploy.0 = AppStore|iPhoneSimulator
		{C5A73D5D-6031-4B76-A436-1A8F5769C3A6}.Debug|Any CPU.ActiveCfg = Debug|iPhoneSimulator
		{C5A73D5D-6031-4B76-A436-1A8F5769C3A6}.Debug|Any CPU.Build.0 = Debug|iPhoneSimulator
		{C5A73D5D-6031-4B76-A436-1A8F5769C3A6}.Debug|Any CPU.Deploy.0 = Debug|iPhoneSimulator
		{C5A73D5D-6031-4B76-A436-1A8F5769C3A6}.Debug|iPhone.ActiveCfg = Debug|iPhone
		{C5A73D5D-6031-4B76-A436-1A8F5769C3A6}.Debug|iPhone.Build.0 = Debug|iPhone
		{C5A73D5D-6031-4B76-A436-1A8F5769C3A6}.Debug|iPhone.Deploy.0 = Debug|iPhone
		{C5A73D5D-6031-4B76-A436-1A8F5769C3A6}.Debug|iPhoneSimulator.ActiveCfg = Debug|iPhoneSimulator
		{C5A73D5D-6031-4B76-A436-1A8F5769C3A6}.Debug|iPhoneSimulator.Build.0 = Debug|iPhoneSimulator
		{C5A73D5D-6031-4B76-A436-1A8F5769C3A6}.Debug|iPhoneSimulator.Deploy.0 = Debug|iPhoneSimulator
		{C5A73D5D-6031-4B76-A436-1A8F5769C3A6}.Release|Any CPU.ActiveCfg = Release|iPhone
		{C5A73D5D-6031-4B76-A436-1A8F5769C3A6}.Release|Any CPU.Build.0 = Release|iPhone
		{C5A73D5D-6031-4B76-A436-1A8F5769C3A6}.Release|Any CPU.Deploy.0 = Release|iPhone
		{C5A73D5D-6031-4B76-A436-1A8F5769C3A6}.Release|iPhone.ActiveCfg = Release|iPhone
		{C5A73D5D-6031-4B76-A436-1A8F5769C3A6}.Release|iPhone.Build.0 = Release|iPhone
		{C5A73D5D-6031-4B76-A436-1A8F5769C3A6}.Release|iPhone.Deploy.0 = Release|iPhone
		{C5A73D5D-6031-4B76-A436-1A8F5769C3A6}.Release|iPhoneSimulator.ActiveCfg = Release|iPhoneSimulator
		{C5A73D5D-6031-4B76-A436-1A8F5769C3A6}.Release|iPhoneSimulator.Build.0 = Release|iPhoneSimulator
		{C5A73D5D-6031-4B76-A436-1A8F5769C3A6}.Release|iPhoneSimulator.Deploy.0 = Release|iPhoneSimulator
		{A3E07DEC-DFEB-496F-95A9-5B2370AF62C3}.Ad-Hoc|Any CPU.ActiveCfg = Debug|Any CPU
		{A3E07DEC-DFEB-496F-95A9-5B2370AF62C3}.Ad-Hoc|Any CPU.Build.0 = Debug|Any CPU
		{A3E07DEC-DFEB-496F-95A9-5B2370AF62C3}.Ad-Hoc|Any CPU.Deploy.0 = Debug|Any CPU
		{A3E07DEC-DFEB-496F-95A9-5B2370AF62C3}.Ad-Hoc|iPhone.ActiveCfg = Debug|Any CPU
		{A3E07DEC-DFEB-496F-95A9-5B2370AF62C3}.Ad-Hoc|iPhone.Build.0 = Debug|Any CPU
		{A3E07DEC-DFEB-496F-95A9-5B2370AF62C3}.Ad-Hoc|iPhone.Deploy.0 = Debug|Any CPU
		{A3E07DEC-DFEB-496F-95A9-5B2370AF62C3}.Ad-Hoc|iPhoneSimulator.ActiveCfg = Debug|Any CPU
		{A3E07DEC-DFEB-496F-95A9-5B2370AF62C3}.Ad-Hoc|iPhoneSimulator.Build.0 = Debug|Any CPU
		{A3E07DEC-DFEB-496F-95A9-5B2370AF62C3}.Ad-Hoc|iPhoneSimulator.Deploy.0 = Debug|Any CPU
		{A3E07DEC-DFEB-496F-95A9-5B2370AF62C3}.AppStore|Any CPU.ActiveCfg = Debug|Any CPU
		{A3E07DEC-DFEB-496F-95A9-5B2370AF62C3}.AppStore|Any CPU.Build.0 = Debug|Any CPU
		{A3E07DEC-DFEB-496F-95A9-5B2370AF62C3}.AppStore|Any CPU.Deploy.0 = Debug|Any CPU
		{A3E07DEC-DFEB-496F-95A9-5B2370AF62C3}.AppStore|iPhone.ActiveCfg = Debug|Any CPU
		{A3E07DEC-DFEB-496F-95A9-5B2370AF62C3}.AppStore|iPhone.Build.0 = Debug|Any CPU
		{A3E07DEC-DFEB-496F-95A9-5B2370AF62C3}.AppStore|iPhone.Deploy.0 = Debug|Any CPU
		{A3E07DEC-DFEB-496F-95A9-5B2370AF62C3}.AppStore|iPhoneSimulator.ActiveCfg = Debug|Any CPU
		{A3E07DEC-DFEB-496F-95A9-5B2370AF62C3}.AppStore|iPhoneSimulator.Build.0 = Debug|Any CPU
		{A3E07DEC-DFEB-496F-95A9-5B2370AF62C3}.AppStore|iPhoneSimulator.Deploy.0 = Debug|Any CPU
		{A3E07DEC-DFEB-496F-95A9-5B2370AF62C3}.Debug|Any CPU.ActiveCfg = Debug|Any CPU
		{A3E07DEC-DFEB-496F-95A9-5B2370AF62C3}.Debug|Any CPU.Build.0 = Debug|Any CPU
		{A3E07DEC-DFEB-496F-95A9-5B2370AF62C3}.Debug|Any CPU.Deploy.0 = Debug|Any CPU
		{A3E07DEC-DFEB-496F-95A9-5B2370AF62C3}.Debug|iPhone.ActiveCfg = Debug|Any CPU
		{A3E07DEC-DFEB-496F-95A9-5B2370AF62C3}.Debug|iPhone.Build.0 = Debug|Any CPU
		{A3E07DEC-DFEB-496F-95A9-5B2370AF62C3}.Debug|iPhone.Deploy.0 = Debug|Any CPU
		{A3E07DEC-DFEB-496F-95A9-5B2370AF62C3}.Debug|iPhoneSimulator.ActiveCfg = Debug|Any CPU
		{A3E07DEC-DFEB-496F-95A9-5B2370AF62C3}.Debug|iPhoneSimulator.Build.0 = Debug|Any CPU
		{A3E07DEC-DFEB-496F-95A9-5B2370AF62C3}.Debug|iPhoneSimulator.Deploy.0 = Debug|Any CPU
		{A3E07DEC-DFEB-496F-95A9-5B2370AF62C3}.Release|Any CPU.ActiveCfg = Release|Any CPU
		{A3E07DEC-DFEB-496F-95A9-5B2370AF62C3}.Release|Any CPU.Build.0 = Release|Any CPU
		{A3E07DEC-DFEB-496F-95A9-5B2370AF62C3}.Release|Any CPU.Deploy.0 = Release|Any CPU
		{A3E07DEC-DFEB-496F-95A9-5B2370AF62C3}.Release|iPhone.ActiveCfg = Release|Any CPU
		{A3E07DEC-DFEB-496F-95A9-5B2370AF62C3}.Release|iPhone.Build.0 = Release|Any CPU
		{A3E07DEC-DFEB-496F-95A9-5B2370AF62C3}.Release|iPhone.Deploy.0 = Release|Any CPU
		{A3E07DEC-DFEB-496F-95A9-5B2370AF62C3}.Release|iPhoneSimulator.ActiveCfg = Release|Any CPU
		{A3E07DEC-DFEB-496F-95A9-5B2370AF62C3}.Release|iPhoneSimulator.Build.0 = Release|Any CPU
		{A3E07DEC-DFEB-496F-95A9-5B2370AF62C3}.Release|iPhoneSimulator.Deploy.0 = Release|Any CPU
	EndGlobalSection
	GlobalSection(SolutionProperties) = preSolution
		HideSolutionNode = FALSE
	EndGlobalSection
	GlobalSection(ExtensibilityGlobals) = postSolution
		SolutionGuid = {27CBEC49-0958-4D50-984D-CFDE661F1D1D}
	EndGlobalSection
EndGlobal
